dependencies:
- name: common
  repository: https://charts.bitnami.com/bitnami
  version: 2.2.4
- name: reloader
  repository: https://stakater.github.io/stakater-charts
  version: 1.0.40
digest: sha256:feb7bb16954fce165c9f17fc4e3c2d9606ad702ffb0675bd37d2f44d4ea4cffd
generated: "2023-09-07T19:06:16.422609238Z"
