dependencies:
- name: common
  repository: https://charts.bitnami.com/bitnami
  version: 2.2.4
- name: reloader
  repository: https://stakater.github.io/stakater-charts
  version: 1.0.29
digest: sha256:314d9da46bb09887806a53e21b054d177947e0cc1a995bc2822ba4c0e580193c
generated: "2023-06-28T13:15:16.340522496Z"
