dependencies:
- name: common
  repository: https://charts.bitnami.com/bitnami
  version: 2.2.4
- name: reloader
  repository: https://stakater.github.io/stakater-charts
  version: v1.0.10
digest: sha256:f5d9b46e7324c7b7b1c2a0cbc93abe6da78dcb19e44077aef438ff992d5f43ae
generated: "2023-03-15T22:21:34.473098387Z"
